{
  "name": "carboneasnodeservice",
  "requires": true,
  "lockfileVersion": 1,
  "dependencies": {
    "buffer-crc32": {
      "version": "0.2.13",
      "resolved": "https://registry.npmjs.org/buffer-crc32/-/buffer-crc32-0.2.13.tgz",
      "integrity": "sha1-DTM+PwDqxQqhRUq9MO+MKl2ackI="
    },
    "carbone": {
      "version": "1.1.0",
      "resolved": "https://registry.npmjs.org/carbone/-/carbone-1.1.0.tgz",
      "integrity": "sha512-rLuHS70o0MHxJSUxGHWxCkEXqLJgRedscdvqoMijxS+IatookEWOuMcrPc/icmibMO/2A12mpm52e8mzFA4odg==",
      "requires": {
        "debug": "=2.6.8",
        "moment": "=2.18.1",
        "moxie-zip": "=0.0.3",
        "timsort": "=0.3.0",
        "yauzl": "=2.8.0"
      }
    },
    "debug": {
      "version": "2.6.8",
      "resolved": "https://registry.npmjs.org/debug/-/debug-2.6.8.tgz",
      "integrity": "sha1-5zFTHKLt4n0YgiJCfaF4IdaP9Pw=",
      "requires": {
        "ms": "2.0.0"
      }
    },
    "fd-slicer": {
      "version": "1.0.1",
      "resolved": "https://registry.npmjs.org/fd-slicer/-/fd-slicer-1.0.1.tgz",
      "integrity": "sha1-i1vL2ewyfFBBv5qwI/1nUPEXfmU=",
      "requires": {
        "pend": "~1.2.0"
      }
    },
    "moment": {
      "version": "2.18.1",
      "resolved": "https://registry.npmjs.org/moment/-/moment-2.18.1.tgz",
      "integrity": "sha1-w2GT3Tzhwu7SrbfIAtu8d6gbHA8="
    },
    "moxie-zip": {
      "version": "0.0.3",
      "resolved": "https://registry.npmjs.org/moxie-zip/-/moxie-zip-0.0.3.tgz",
      "integrity": "sha1-soAj5AwDKMtDKeYeq7W1VpZ3nAc="
    },
    "ms": {
      "version": "2.0.0",
      "resolved": "https://registry.npmjs.org/ms/-/ms-2.0.0.tgz",
      "integrity": "sha1-VgiurfwAvmwpAd9fmGF4jeDVl8g="
    },
    "pend": {
      "version": "1.2.0",
      "resolved": "https://registry.npmjs.org/pend/-/pend-1.2.0.tgz",
      "integrity": "sha1-elfrVQpng/kRUzH89GY9XI4AelA="
    },
    "timsort": {
      "version": "0.3.0",
      "resolved": "https://registry.npmjs.org/timsort/-/timsort-0.3.0.tgz",
      "integrity": "sha1-QFQRqOfmM5/mTbmiNN4R3DHgK9Q="
    },
    "yauzl": {
      "version": "2.8.0",
      "resolved": "https://registry.npmjs.org/yauzl/-/yauzl-2.8.0.tgz",
      "integrity": "sha1-eUUK/yKyqcWkHvVOAtuQfM+/nuI=",
      "requires": {
        "buffer-crc32": "~0.2.3",
        "fd-slicer": "~1.0.1"
      }
    }
  }
}
